
Microsoft Visual Studio Solution File, Format Version 12.00
# Visual Studio Version 17
VisualStudioVersion = 17.1.32328.378
MinimumVisualStudioVersion = 10.0.40219.1
Project("{FAE04EC0-301F-11D3-BF4B-00C04F79EFBC}") = "Lost Ark Packet Capture", "Lost Ark Packet Capture.csproj", "{BE5879D0-CC16-4104-98BF-0C470FF77A9F}"
EndProject
Global
	GlobalSection(SolutionConfigurationPlatforms) = preSolution
		Debug|Any CPU = Debug|Any CPU
		Release|Any CPU = Release|Any CPU
	EndGlobalSection
	GlobalSection(ProjectConfigurationPlatforms) = postSolution
		{BE5879D0-CC16-4104-98BF-0C470FF77A9F}.Debug|Any CPU.ActiveCfg = Debug|Any CPU
		{BE5879D0-CC16-4104-98BF-0C470FF77A9F}.Debug|Any CPU.Build.0 = Debug|Any CPU
		{BE5879D0-CC16-4104-98BF-0C470FF77A9F}.Release|Any CPU.ActiveCfg = Release|Any CPU
		{BE5879D0-CC16-4104-98BF-0C470FF77A9F}.Release|Any CPU.Build.0 = Release|Any CPU
	EndGlobalSection
	GlobalSection(SolutionProperties) = preSolution
		HideSolutionNode = FALSE
	EndGlobalSection
	GlobalSection(ExtensibilityGlobals) = postSolution
		SolutionGuid = {E248D91F-2894-4913-B791-7B74CFB18479}
	EndGlobalSection
EndGlobal
